
Microsoft Visual Studio Solution File, Format Version 12.00
# Visual Studio 14
VisualStudioVersion = 14.0.25420.1
MinimumVisualStudioVersion = 10.0.40219.1
Project("{8BC9CEB8-8B4A-11D0-8D11-00A0C91BC942}") = "DeviceDriverDemo", "DeviceDriverDemo\DeviceDriverDemo.vcxproj", "{3F7B2744-0AA4-4029-9F64-7590F162FB32}"
EndProject
Global
	GlobalSection(SolutionConfigurationPlatforms) = preSolution
		Debug|x64 = Debug|x64
		Debug|x86 = Debug|x86
		Release|x64 = Release|x64
		Release|x86 = Release|x86
	EndGlobalSection
	GlobalSection(ProjectConfigurationPlatforms) = postSolution
		{3F7B2744-0AA4-4029-9F64-7590F162FB32}.Debug|x64.ActiveCfg = Debug|x64
		{3F7B2744-0AA4-4029-9F64-7590F162FB32}.Debug|x64.Build.0 = Debug|x64
		{3F7B2744-0AA4-4029-9F64-7590F162FB32}.Debug|x86.ActiveCfg = Debug|Win32
		{3F7B2744-0AA4-4029-9F64-7590F162FB32}.Debug|x86.Build.0 = Debug|Win32
		{3F7B2744-0AA4-4029-9F64-7590F162FB32}.Release|x64.ActiveCfg = Release|x64
		{3F7B2744-0AA4-4029-9F64-7590F162FB32}.Release|x64.Build.0 = Release|x64
		{3F7B2744-0AA4-4029-9F64-7590F162FB32}.Release|x86.ActiveCfg = Release|Win32
		{3F7B2744-0AA4-4029-9F64-7590F162FB32}.Release|x86.Build.0 = Release|Win32
	EndGlobalSection
	GlobalSection(SolutionProperties) = preSolution
		HideSolutionNode = FALSE
	EndGlobalSection
EndGlobal
